
Microsoft Visual Studio Solution File, Format Version 12.00
# Visual Studio Version 16
VisualStudioVersion = 16.0.31424.327
MinimumVisualStudioVersion = 10.0.40219.1
Project("{9A19103F-16F7-4668-BE54-9A1E7A4F7556}") = "Displaying Images Test", "Displaying Images Test.csproj", "{59AB26AD-3424-49A4-9D97-8AC202E15240}"
EndProject
Global
	GlobalSection(SolutionConfigurationPlatforms) = preSolution
		Debug|Any CPU = Debug|Any CPU
		Release|Any CPU = Release|Any CPU
	EndGlobalSection
	GlobalSection(ProjectConfigurationPlatforms) = postSolution
		{59AB26AD-3424-49A4-9D97-8AC202E15240}.Debug|Any CPU.ActiveCfg = Debug|Any CPU
		{59AB26AD-3424-49A4-9D97-8AC202E15240}.Debug|Any CPU.Build.0 = Debug|Any CPU
		{59AB26AD-3424-49A4-9D97-8AC202E15240}.Release|Any CPU.ActiveCfg = Release|Any CPU
		{59AB26AD-3424-49A4-9D97-8AC202E15240}.Release|Any CPU.Build.0 = Release|Any CPU
	EndGlobalSection
	GlobalSection(SolutionProperties) = preSolution
		HideSolutionNode = FALSE
	EndGlobalSection
	GlobalSection(ExtensibilityGlobals) = postSolution
		SolutionGuid = {CD82F6B6-F8E4-4C66-9861-DD9E77C718C8}
	EndGlobalSection
EndGlobal
