
Microsoft Visual Studio Solution File, Format Version 12.00
# Visual Studio Version 16
VisualStudioVersion = 16.0.31424.327
MinimumVisualStudioVersion = 10.0.40219.1
Project("{FAE04EC0-301F-11D3-BF4B-00C04F79EFBC}") = "WebApplication1", "WebApplication1.csproj", "{0DBEFC1C-BB29-458C-BE1B-635E09A327CF}"
EndProject
Global
	GlobalSection(SolutionConfigurationPlatforms) = preSolution
		Debug|Any CPU = Debug|Any CPU
		Release|Any CPU = Release|Any CPU
	EndGlobalSection
	GlobalSection(ProjectConfigurationPlatforms) = postSolution
		{0DBEFC1C-BB29-458C-BE1B-635E09A327CF}.Debug|Any CPU.ActiveCfg = Debug|Any CPU
		{0DBEFC1C-BB29-458C-BE1B-635E09A327CF}.Debug|Any CPU.Build.0 = Debug|Any CPU
		{0DBEFC1C-BB29-458C-BE1B-635E09A327CF}.Release|Any CPU.ActiveCfg = Release|Any CPU
		{0DBEFC1C-BB29-458C-BE1B-635E09A327CF}.Release|Any CPU.Build.0 = Release|Any CPU
	EndGlobalSection
	GlobalSection(SolutionProperties) = preSolution
		HideSolutionNode = FALSE
	EndGlobalSection
	GlobalSection(ExtensibilityGlobals) = postSolution
		SolutionGuid = {02925426-D86D-4D04-BDE0-21F0198C94B8}
	EndGlobalSection
EndGlobal
